{
  "version": 4,
  "terraform_version": "1.12.2",
  "serial": 208,
  "lineage": "b390922e-7625-8dae-f95e-1a710f84507e",
  "outputs": {
    "instance_public_ip": {
      "value": "65.2.126.136",
      "type": "string"
    }
  },
  "resources": [
    {
      "mode": "data",
      "type": "aws_caller_identity",
      "name": "current",
      "provider": "provider[\"registry.terraform.io/hashicorp/aws\"]",
      "instances": [
        {
          "schema_version": 0,
          "attributes": {
            "account_id": "145216744769",
            "arn": "arn:aws:iam::145216744769:user/KrishnaJosyula",
            "id": "145216744769",
            "user_id": "AIDASDT4XVVA4KKL75YUM"
          },
          "sensitive_attributes": [],
          "identity_schema_version": 0
        }
      ]
    },
    {
      "mode": "managed",
      "type": "aws_iam_instance_profile",
      "name": "ec2_instance_profile",
      "provider": "provider[\"registry.terraform.io/hashicorp/aws\"]",
      "instances": [
        {
          "schema_version": 0,
          "attributes": {
            "arn": "arn:aws:iam::145216744769:instance-profile/ec2_instance_profile",
            "create_date": "2025-06-25T06:20:37Z",
            "id": "ec2_instance_profile",
            "name": "ec2_instance_profile",
            "name_prefix": "",
            "path": "/",
            "role": "ec2_s3_access_role",
            "tags": null,
            "tags_all": {},
            "unique_id": "AIPASDT4XVVA64BVXV4WR"
          },
          "sensitive_attributes": [],
          "identity_schema_version": 0,
          "private": "bnVsbA==",
          "dependencies": [
            "aws_iam_role.ec2_role",
            "data.aws_caller_identity.current"
          ]
        }
      ]
    },
    {
      "mode": "managed",
      "type": "aws_iam_role",
      "name": "ec2_role",
      "provider": "provider[\"registry.terraform.io/hashicorp/aws\"]",
      "instances": [
        {
          "schema_version": 0,
          "attributes": {
            "arn": "arn:aws:iam::145216744769:role/ec2_s3_access_role",
            "assume_role_policy": "{\"Statement\":[{\"Action\":\"sts:AssumeRole\",\"Effect\":\"Allow\",\"Principal\":{\"Service\":\"ec2.amazonaws.com\"},\"Sid\":\"AllowEC2ToAssumeRole\"},{\"Action\":\"sts:AssumeRole\",\"Effect\":\"Allow\",\"Principal\":{\"AWS\":\"arn:aws:iam::145216744769:user/KrishnaJosyula\"},\"Sid\":\"AllowUserToAssumeRole\"}],\"Version\":\"2012-10-17\"}",
            "create_date": "2025-06-25T06:20:35Z",
            "description": "",
            "force_detach_policies": false,
            "id": "ec2_s3_access_role",
            "inline_policy": [],
            "managed_policy_arns": [],
            "max_session_duration": 3600,
            "name": "ec2_s3_access_role",
            "name_prefix": "",
            "path": "/",
            "permissions_boundary": "",
            "tags": null,
            "tags_all": {},
            "unique_id": "AROASDT4XVVAZBF4SCEDH"
          },
          "sensitive_attributes": [],
          "identity_schema_version": 0,
          "identity": {
            "account_id": "145216744769",
            "name": "ec2_s3_access_role"
          },
          "private": "bnVsbA==",
          "dependencies": [
            "data.aws_caller_identity.current"
          ]
        }
      ]
    },
    {
      "mode": "managed",
      "type": "aws_iam_role_policy_attachment",
      "name": "s3_access",
      "provider": "provider[\"registry.terraform.io/hashicorp/aws\"]",
      "instances": [
        {
          "schema_version": 0,
          "attributes": {
            "id": "ec2_s3_access_role-20250625062037305000000002",
            "policy_arn": "arn:aws:iam::aws:policy/AmazonS3FullAccess",
            "role": "ec2_s3_access_role"
          },
          "sensitive_attributes": [],
          "identity_schema_version": 0,
          "private": "bnVsbA==",
          "dependencies": [
            "aws_iam_role.ec2_role",
            "data.aws_caller_identity.current"
          ]
        }
      ]
    },
    {
      "mode": "managed",
      "type": "aws_instance",
      "name": "app_server",
      "provider": "provider[\"registry.terraform.io/hashicorp/aws\"]",
      "instances": [
        {
          "schema_version": 2,
          "attributes": {
            "ami": "ami-0140f55e7363d9486",
            "arn": "arn:aws:ec2:ap-south-1:145216744769:instance/i-0b597341919f1a9e3",
            "associate_public_ip_address": true,
            "availability_zone": "ap-south-1a",
            "capacity_reservation_specification": [
              {
                "capacity_reservation_preference": "open",
                "capacity_reservation_target": []
              }
            ],
            "cpu_options": [
              {
                "amd_sev_snp": "",
                "core_count": 2,
                "threads_per_core": 2
              }
            ],
            "credit_specification": [],
            "disable_api_stop": false,
            "disable_api_termination": false,
            "ebs_block_device": [],
            "ebs_optimized": false,
            "enable_primary_ipv6": null,
            "enclave_options": [
              {
                "enabled": false
              }
            ],
            "ephemeral_block_device": [],
            "get_password_data": false,
            "hibernation": false,
            "host_id": "",
            "host_resource_group_arn": null,
            "iam_instance_profile": "ec2_instance_profile",
            "id": "i-0b597341919f1a9e3",
            "instance_initiated_shutdown_behavior": "stop",
            "instance_lifecycle": "",
            "instance_market_options": [],
            "instance_state": "running",
            "instance_type": "g6.xlarge",
            "ipv6_address_count": 0,
            "ipv6_addresses": [],
            "key_name": "apsouthkey",
            "launch_template": [],
            "maintenance_options": [
              {
                "auto_recovery": "default"
              }
            ],
            "metadata_options": [
              {
                "http_endpoint": "enabled",
                "http_protocol_ipv6": "disabled",
                "http_put_response_hop_limit": 1,
                "http_tokens": "optional",
                "instance_metadata_tags": "disabled"
              }
            ],
            "monitoring": false,
            "network_interface": [],
            "outpost_arn": "",
            "password_data": "",
            "placement_group": "",
            "placement_partition_number": 0,
            "primary_network_interface_id": "eni-0e228188d359a7e9c",
            "private_dns": "ip-10-0-1-91.ap-south-1.compute.internal",
            "private_dns_name_options": [
              {
                "enable_resource_name_dns_a_record": false,
                "enable_resource_name_dns_aaaa_record": false,
                "hostname_type": "ip-name"
              }
            ],
            "private_ip": "10.0.1.91",
            "public_dns": "",
            "public_ip": "65.2.126.136",
            "region": "ap-south-1",
            "root_block_device": [
              {
                "delete_on_termination": true,
                "device_name": "/dev/sda1",
                "encrypted": false,
                "iops": 3000,
                "kms_key_id": "",
                "tags": {},
                "tags_all": {},
                "throughput": 125,
                "volume_id": "vol-0002d1d49698e7b8d",
                "volume_size": 40,
                "volume_type": "gp3"
              }
            ],
            "secondary_private_ips": [],
            "security_groups": [],
            "source_dest_check": true,
            "spot_instance_request_id": "",
            "subnet_id": "subnet-0248d2b686542b9db",
            "tags": {
              "Name": "L40Instance"
            },
            "tags_all": {
              "Name": "L40Instance"
            },
            "tenancy": "default",
            "timeouts": null,
            "user_data": null,
            "user_data_base64": null,
            "user_data_replace_on_change": false,
            "volume_tags": null,
            "vpc_security_group_ids": [
              "sg-01e664338dc2f418a"
            ]
          },
          "sensitive_attributes": [],
          "identity_schema_version": 0,
          "private": "eyJlMmJmYjczMC1lY2FhLTExZTYtOGY4OC0zNDM2M2JjN2M0YzAiOnsiY3JlYXRlIjo2MDAwMDAwMDAwMDAsImRlbGV0ZSI6MTIwMDAwMDAwMDAwMCwicmVhZCI6OTAwMDAwMDAwMDAwLCJ1cGRhdGUiOjYwMDAwMDAwMDAwMH0sInNjaGVtYV92ZXJzaW9uIjoiMiJ9",
          "dependencies": [
            "aws_iam_instance_profile.ec2_instance_profile",
            "aws_iam_role.ec2_role",
            "aws_security_group.allow_ssh",
            "aws_subnet.main",
            "aws_vpc.main",
            "data.aws_caller_identity.current"
          ]
        }
      ]
    },
    {
      "mode": "managed",
      "type": "aws_internet_gateway",
      "name": "gw",
      "provider": "provider[\"registry.terraform.io/hashicorp/aws\"]",
      "instances": [
        {
          "schema_version": 0,
          "attributes": {
            "arn": "arn:aws:ec2:ap-south-1:145216744769:internet-gateway/igw-09a5ae067d092078c",
            "id": "igw-09a5ae067d092078c",
            "owner_id": "145216744769",
            "region": "ap-south-1",
            "tags": null,
            "tags_all": {},
            "timeouts": null,
            "vpc_id": "vpc-0e1ae29b78de0ab21"
          },
          "sensitive_attributes": [],
          "identity_schema_version": 0,
          "private": "eyJlMmJmYjczMC1lY2FhLTExZTYtOGY4OC0zNDM2M2JjN2M0YzAiOnsiY3JlYXRlIjoxMjAwMDAwMDAwMDAwLCJkZWxldGUiOjEyMDAwMDAwMDAwMDAsInVwZGF0ZSI6MTIwMDAwMDAwMDAwMH19",
          "dependencies": [
            "aws_vpc.main"
          ]
        }
      ]
    },
    {
      "mode": "managed",
      "type": "aws_route_table",
      "name": "rt",
      "provider": "provider[\"registry.terraform.io/hashicorp/aws\"]",
      "instances": [
        {
          "schema_version": 0,
          "attributes": {
            "arn": "arn:aws:ec2:ap-south-1:145216744769:route-table/rtb-0f547bb54fb4b1a15",
            "id": "rtb-0f547bb54fb4b1a15",
            "owner_id": "145216744769",
            "propagating_vgws": [],
            "region": "ap-south-1",
            "route": [
              {
                "carrier_gateway_id": "",
                "cidr_block": "0.0.0.0/0",
                "core_network_arn": "",
                "destination_prefix_list_id": "",
                "egress_only_gateway_id": "",
                "gateway_id": "igw-09a5ae067d092078c",
                "ipv6_cidr_block": "",
                "local_gateway_id": "",
                "nat_gateway_id": "",
                "network_interface_id": "",
                "transit_gateway_id": "",
                "vpc_endpoint_id": "",
                "vpc_peering_connection_id": ""
              }
            ],
            "tags": null,
            "tags_all": {},
            "timeouts": null,
            "vpc_id": "vpc-0e1ae29b78de0ab21"
          },
          "sensitive_attributes": [],
          "identity_schema_version": 0,
          "private": "eyJlMmJmYjczMC1lY2FhLTExZTYtOGY4OC0zNDM2M2JjN2M0YzAiOnsiY3JlYXRlIjozMDAwMDAwMDAwMDAsImRlbGV0ZSI6MzAwMDAwMDAwMDAwLCJ1cGRhdGUiOjEyMDAwMDAwMDAwMH19",
          "dependencies": [
            "aws_internet_gateway.gw",
            "aws_vpc.main"
          ]
        }
      ]
    },
    {
      "mode": "managed",
      "type": "aws_route_table_association",
      "name": "a",
      "provider": "provider[\"registry.terraform.io/hashicorp/aws\"]",
      "instances": [
        {
          "schema_version": 0,
          "attributes": {
            "gateway_id": "",
            "id": "rtbassoc-07e45c143e4908d38",
            "region": "ap-south-1",
            "route_table_id": "rtb-0f547bb54fb4b1a15",
            "subnet_id": "subnet-0248d2b686542b9db",
            "timeouts": null
          },
          "sensitive_attributes": [],
          "identity_schema_version": 0,
          "private": "eyJlMmJmYjczMC1lY2FhLTExZTYtOGY4OC0zNDM2M2JjN2M0YzAiOnsiY3JlYXRlIjozMDAwMDAwMDAwMDAsImRlbGV0ZSI6MzAwMDAwMDAwMDAwLCJ1cGRhdGUiOjEyMDAwMDAwMDAwMH19",
          "dependencies": [
            "aws_internet_gateway.gw",
            "aws_route_table.rt",
            "aws_subnet.main",
            "aws_vpc.main"
          ]
        }
      ]
    },
    {
      "mode": "managed",
      "type": "aws_security_group",
      "name": "allow_ssh",
      "provider": "provider[\"registry.terraform.io/hashicorp/aws\"]",
      "instances": [
        {
          "schema_version": 1,
          "attributes": {
            "arn": "arn:aws:ec2:ap-south-1:145216744769:security-group/sg-01e664338dc2f418a",
            "description": "Allow SSH inbound traffic",
            "egress": [
              {
                "cidr_blocks": [
                  "0.0.0.0/0"
                ],
                "description": "",
                "from_port": 0,
                "ipv6_cidr_blocks": [],
                "prefix_list_ids": [],
                "protocol": "-1",
                "security_groups": [],
                "self": false,
                "to_port": 0
              }
            ],
            "id": "sg-01e664338dc2f418a",
            "ingress": [
              {
                "cidr_blocks": [
                  "0.0.0.0/0"
                ],
                "description": "",
                "from_port": 22,
                "ipv6_cidr_blocks": [],
                "prefix_list_ids": [],
                "protocol": "tcp",
                "security_groups": [],
                "self": false,
                "to_port": 22
              }
            ],
            "name": "allow_ssh",
            "name_prefix": "",
            "owner_id": "145216744769",
            "region": "ap-south-1",
            "revoke_rules_on_delete": false,
            "tags": null,
            "tags_all": {},
            "timeouts": null,
            "vpc_id": "vpc-0e1ae29b78de0ab21"
          },
          "sensitive_attributes": [],
          "identity_schema_version": 0,
          "private": "eyJlMmJmYjczMC1lY2FhLTExZTYtOGY4OC0zNDM2M2JjN2M0YzAiOnsiY3JlYXRlIjo2MDAwMDAwMDAwMDAsImRlbGV0ZSI6OTAwMDAwMDAwMDAwfSwic2NoZW1hX3ZlcnNpb24iOiIxIn0=",
          "dependencies": [
            "aws_vpc.main"
          ]
        }
      ]
    },
    {
      "mode": "managed",
      "type": "aws_subnet",
      "name": "main",
      "provider": "provider[\"registry.terraform.io/hashicorp/aws\"]",
      "instances": [
        {
          "schema_version": 1,
          "attributes": {
            "arn": "arn:aws:ec2:ap-south-1:145216744769:subnet/subnet-0248d2b686542b9db",
            "assign_ipv6_address_on_creation": false,
            "availability_zone": "ap-south-1a",
            "availability_zone_id": "aps1-az1",
            "cidr_block": "10.0.1.0/24",
            "customer_owned_ipv4_pool": "",
            "enable_dns64": false,
            "enable_lni_at_device_index": 0,
            "enable_resource_name_dns_a_record_on_launch": false,
            "enable_resource_name_dns_aaaa_record_on_launch": false,
            "id": "subnet-0248d2b686542b9db",
            "ipv6_cidr_block": "",
            "ipv6_cidr_block_association_id": "",
            "ipv6_native": false,
            "map_customer_owned_ip_on_launch": false,
            "map_public_ip_on_launch": true,
            "outpost_arn": "",
            "owner_id": "145216744769",
            "private_dns_hostname_type_on_launch": "ip-name",
            "region": "ap-south-1",
            "tags": null,
            "tags_all": {},
            "timeouts": null,
            "vpc_id": "vpc-0e1ae29b78de0ab21"
          },
          "sensitive_attributes": [],
          "identity_schema_version": 0,
          "private": "eyJlMmJmYjczMC1lY2FhLTExZTYtOGY4OC0zNDM2M2JjN2M0YzAiOnsiY3JlYXRlIjo2MDAwMDAwMDAwMDAsImRlbGV0ZSI6MTIwMDAwMDAwMDAwMH0sInNjaGVtYV92ZXJzaW9uIjoiMSJ9",
          "dependencies": [
            "aws_vpc.main"
          ]
        }
      ]
    },
    {
      "mode": "managed",
      "type": "aws_vpc",
      "name": "main",
      "provider": "provider[\"registry.terraform.io/hashicorp/aws\"]",
      "instances": [
        {
          "schema_version": 1,
          "attributes": {
            "arn": "arn:aws:ec2:ap-south-1:145216744769:vpc/vpc-0e1ae29b78de0ab21",
            "assign_generated_ipv6_cidr_block": false,
            "cidr_block": "10.0.0.0/16",
            "default_network_acl_id": "acl-096586d319a050c0c",
            "default_route_table_id": "rtb-01cee0d38bd721749",
            "default_security_group_id": "sg-02cfb0e9b05a8fc9a",
            "dhcp_options_id": "dopt-08bf856cfe5e0d991",
            "enable_dns_hostnames": false,
            "enable_dns_support": true,
            "enable_network_address_usage_metrics": false,
            "id": "vpc-0e1ae29b78de0ab21",
            "instance_tenancy": "default",
            "ipv4_ipam_pool_id": null,
            "ipv4_netmask_length": null,
            "ipv6_association_id": "",
            "ipv6_cidr_block": "",
            "ipv6_cidr_block_network_border_group": "",
            "ipv6_ipam_pool_id": "",
            "ipv6_netmask_length": 0,
            "main_route_table_id": "rtb-01cee0d38bd721749",
            "owner_id": "145216744769",
            "region": "ap-south-1",
            "tags": null,
            "tags_all": {}
          },
          "sensitive_attributes": [],
          "identity_schema_version": 0,
          "private": "eyJzY2hlbWFfdmVyc2lvbiI6IjEifQ=="
        }
      ]
    }
  ],
  "check_results": null
}
